
Microsoft Visual Studio Solution File, Format Version 12.00
# Visual Studio Version 16
VisualStudioVersion = 16.0.31105.61
MinimumVisualStudioVersion = 10.0.40219.1
Project("{FAE04EC0-301F-11D3-BF4B-00C04F79EFBC}") = "MovieCategories", "MovieCategories\MovieCategories.csproj", "{3C37CFE6-229F-4375-952B-925601DB03FD}"
EndProject
Global
	GlobalSection(SolutionConfigurationPlatforms) = preSolution
		Debug|Any CPU = Debug|Any CPU
		Release|Any CPU = Release|Any CPU
	EndGlobalSection
	GlobalSection(ProjectConfigurationPlatforms) = postSolution
		{3C37CFE6-229F-4375-952B-925601DB03FD}.Debug|Any CPU.ActiveCfg = Debug|Any CPU
		{3C37CFE6-229F-4375-952B-925601DB03FD}.Debug|Any CPU.Build.0 = Debug|Any CPU
		{3C37CFE6-229F-4375-952B-925601DB03FD}.Release|Any CPU.ActiveCfg = Release|Any CPU
		{3C37CFE6-229F-4375-952B-925601DB03FD}.Release|Any CPU.Build.0 = Release|Any CPU
	EndGlobalSection
	GlobalSection(SolutionProperties) = preSolution
		HideSolutionNode = FALSE
	EndGlobalSection
	GlobalSection(ExtensibilityGlobals) = postSolution
		SolutionGuid = {8A0E9CE9-FF31-449C-B37F-FE67D41D43F3}
	EndGlobalSection
EndGlobal
